{
  "name": "eidos",
  "version": "0.1.0",
  "lockfileVersion": 3,
  "requires": true,
  "packages": {
    "": {
      "name": "eidos",
      "version": "0.1.0",
      "private": true,
      "engines": {
        "node": "18.x",
        "npm": "9.x"
      },
      "dependencies": {
        "next": "14.0.4",
        "react": "18.2.0",
        "react-dom": "18.2.0",
        "lucide-react": "^0.263.1"
      },
      "devDependencies": {
        "@types/node": "^20.10.0",
        "@types/react": "^18.2.42",
        "@types/react-dom": "^18.2.17",
        "autoprefixer": "^10.4.16",
        "eslint": "^8.55.0",
        "eslint-config-next": "14.0.4",
        "postcss": "^8.4.32",
        "tailwindcss": "^3.3.6",
        "typescript": "^5.3.3"
      }
    },
    "node_modules/next": {
      "version": "14.0.4",
      "resolved": "https://registry.npmjs.org/next/-/next-14.0.4.tgz",
      "dependencies": {
        "@next/env": "14.0.4",
        "@next/swc-darwin-arm64": "14.0.4",
        "@next/swc-darwin-x64": "14.0.4",
        "@next/swc-linux-arm64": "14.0.4",
        "@next/swc-linux-x64": "14.0.4",
        "@next/swc-win32-x64": "14.0.4",
        "react": "^18.2.0",
        "react-dom": "^18.2.0"
      },
      "engines": {
        "node": ">=18.17"
      }
    },
    "node_modules/react": {
      "version": "18.2.0",
      "resolved": "https://registry.npmjs.org/react/-/react-18.2.0.tgz"
    },
    "node_modules/react-dom": {
      "version": "18.2.0",
      "resolved": "https://registry.npmjs.org/react-dom/-/react-dom-18.2.0.tgz",
      "dependencies": {
        "react": "^18.2.0"
      }
    },
    "node_modules/lucide-react": {
      "version": "0.263.1",
      "resolved": "https://registry.npmjs.org/lucide-react/-/lucide-react-0.263.1.tgz"
    },
    "node_modules/@types/node": {
      "version": "20.10.0",
      "resolved": "https://registry.npmjs.org/@types/node/-/node-20.10.0.tgz"
    },
    "node_modules/@types/react": {
      "version": "18.2.42",
      "resolved": "https://registry.npmjs.org/@types/react/-/react-18.2.42.tgz"
    },
    "node_modules/@types/react-dom": {
      "version": "18.2.17",
      "resolved": "https://registry.npmjs.org/@types/react-dom/-/react-dom-18.2.17.tgz"
    },
    "node_modules/autoprefixer": {
      "version": "10.4.16",
      "resolved": "https://registry.npmjs.org/autoprefixer/-/autoprefixer-10.4.16.tgz"
    },
    "node_modules/eslint": {
      "version": "8.55.0",
      "resolved": "https://registry.npmjs.org/eslint/-/eslint-8.55.0.tgz"
    },
    "node_modules/eslint-config-next": {
      "version": "14.0.4",
      "resolved": "https://registry.npmjs.org/eslint-config-next/-/eslint-config-next-14.0.4.tgz"
    },
    "node_modules/postcss": {
      "version": "8.4.32",
      "resolved": "https://registry.npmjs.org/postcss/-/postcss-8.4.32.tgz"
    },
    "node_modules/tailwindcss": {
      "version": "3.3.6",
      "resolved": "https://registry.npmjs.org/tailwindcss/-/tailwindcss-3.3.6.tgz"
    },
    "node_modules/typescript": {
      "version": "5.3.3",
      "resolved": "https://registry.npmjs.org/typescript/-/typescript-5.3.3.tgz"
    }
  }
}
